// !$*UTF8*$!
{
	archiveVersion = 1;
	classes = {
	};
	objectVersion = 55;
	objects = {

/* Begin PBXBuildFile section */
		A8F105C229DC00E500CFCE78 /* AsyncNetworking.docc in Sources */ = {isa = PBXBuildFile; fileRef = A8F105C129DC00E500CFCE78 /* AsyncNetworking.docc */; };
		A8F105C829DC00E500CFCE78 /* AsyncNetworking.framework in Frameworks */ = {isa = PBXBuildFile; fileRef = A8F105BD29DC00E500CFCE78 /* AsyncNetworking.framework */; };
		A8F105CE29DC00E500CFCE78 /* AsyncNetworking.h in Headers */ = {isa = PBXBuildFile; fileRef = A8F105C029DC00E500CFCE78 /* AsyncNetworking.h */; settings = {ATTRIBUTES = (Public, ); }; };
		A8F105DD29DC012700CFCE78 /* DataTransferService.swift in Sources */ = {isa = PBXBuildFile; fileRef = A8F105D929DC012700CFCE78 /* DataTransferService.swift */; };
		A8F105DE29DC012700CFCE78 /* NetworkService.swift in Sources */ = {isa = PBXBuildFile; fileRef = A8F105DC29DC012700CFCE78 /* NetworkService.swift */; };
		A8F105DF29DC012700CFCE78 /* NetworkConfig.swift in Sources */ = {isa = PBXBuildFile; fileRef = A8F105DA29DC012700CFCE78 /* NetworkConfig.swift */; };
		A8F105E029DC012700CFCE78 /* Endpoint.swift in Sources */ = {isa = PBXBuildFile; fileRef = A8F105DB29DC012700CFCE78 /* Endpoint.swift */; };
		A8F105E329DC04B400CFCE78 /* EndPointMock.swift in Sources */ = {isa = PBXBuildFile; fileRef = A8F105E229DC04B400CFCE78 /* EndPointMock.swift */; };
		A8F105E529DC04C300CFCE78 /* NetworkConfigurableMock.swift in Sources */ = {isa = PBXBuildFile; fileRef = A8F105E429DC04C300CFCE78 /* NetworkConfigurableMock.swift */; };
		A8F105E729DC04CB00CFCE78 /* NetworkSessionManagerMock.swift in Sources */ = {isa = PBXBuildFile; fileRef = A8F105E629DC04CB00CFCE78 /* NetworkSessionManagerMock.swift */; };
		A8F105EA29DC051E00CFCE78 /* NetworkServiceTests.swift in Sources */ = {isa = PBXBuildFile; fileRef = A8F105E829DC051E00CFCE78 /* NetworkServiceTests.swift */; };
		A8F105EB29DC051E00CFCE78 /* DataTransferServiceTests.swift in Sources */ = {isa = PBXBuildFile; fileRef = A8F105E929DC051E00CFCE78 /* DataTransferServiceTests.swift */; };
/* End PBXBuildFile section */

/* Begin PBXContainerItemProxy section */
		A8F105C929DC00E500CFCE78 /* PBXContainerItemProxy */ = {
			isa = PBXContainerItemProxy;
			containerPortal = A8F105B429DC00E400CFCE78 /* Project object */;
			proxyType = 1;
			remoteGlobalIDString = A8F105BC29DC00E400CFCE78;
			remoteInfo = AsyncNetworking;
		};
/* End PBXContainerItemProxy section */

/* Begin PBXFileReference section */
		A8F105BD29DC00E500CFCE78 /* AsyncNetworking.framework */ = {isa = PBXFileReference; explicitFileType = wrapper.framework; includeInIndex = 0; path = AsyncNetworking.framework; sourceTree = BUILT_PRODUCTS_DIR; };
		A8F105C029DC00E500CFCE78 /* AsyncNetworking.h */ = {isa = PBXFileReference; lastKnownFileType = sourcecode.c.h; path = AsyncNetworking.h; sourceTree = "<group>"; };
		A8F105C129DC00E500CFCE78 /* AsyncNetworking.docc */ = {isa = PBXFileReference; lastKnownFileType = folder.documentationcatalog; path = AsyncNetworking.docc; sourceTree = "<group>"; };
		A8F105C729DC00E500CFCE78 /* AsyncNetworkingTests.xctest */ = {isa = PBXFileReference; explicitFileType = wrapper.cfbundle; includeInIndex = 0; path = AsyncNetworkingTests.xctest; sourceTree = BUILT_PRODUCTS_DIR; };
		A8F105D929DC012700CFCE78 /* DataTransferService.swift */ = {isa = PBXFileReference; lastKnownFileType = sourcecode.swift; path = DataTransferService.swift; sourceTree = "<group>"; };
		A8F105DA29DC012700CFCE78 /* NetworkConfig.swift */ = {isa = PBXFileReference; lastKnownFileType = sourcecode.swift; path = NetworkConfig.swift; sourceTree = "<group>"; };
		A8F105DB29DC012700CFCE78 /* Endpoint.swift */ = {isa = PBXFileReference; lastKnownFileType = sourcecode.swift; path = Endpoint.swift; sourceTree = "<group>"; };
		A8F105DC29DC012700CFCE78 /* NetworkService.swift */ = {isa = PBXFileReference; lastKnownFileType = sourcecode.swift; path = NetworkService.swift; sourceTree = "<group>"; };
		A8F105E229DC04B400CFCE78 /* EndPointMock.swift */ = {isa = PBXFileReference; fileEncoding = 4; lastKnownFileType = sourcecode.swift; path = EndPointMock.swift; sourceTree = "<group>"; };
		A8F105E429DC04C300CFCE78 /* NetworkConfigurableMock.swift */ = {isa = PBXFileReference; fileEncoding = 4; lastKnownFileType = sourcecode.swift; path = NetworkConfigurableMock.swift; sourceTree = "<group>"; };
		A8F105E629DC04CB00CFCE78 /* NetworkSessionManagerMock.swift */ = {isa = PBXFileReference; fileEncoding = 4; lastKnownFileType = sourcecode.swift; path = NetworkSessionManagerMock.swift; sourceTree = "<group>"; };
		A8F105E829DC051E00CFCE78 /* NetworkServiceTests.swift */ = {isa = PBXFileReference; fileEncoding = 4; lastKnownFileType = sourcecode.swift; path = NetworkServiceTests.swift; sourceTree = "<group>"; };
		A8F105E929DC051E00CFCE78 /* DataTransferServiceTests.swift */ = {isa = PBXFileReference; fileEncoding = 4; lastKnownFileType = sourcecode.swift; path = DataTransferServiceTests.swift; sourceTree = "<group>"; };
/* End PBXFileReference section */

/* Begin PBXFrameworksBuildPhase section */
		A8F105BA29DC00E400CFCE78 /* Frameworks */ = {
			isa = PBXFrameworksBuildPhase;
			buildActionMask = 2147483647;
			files = (
			);
			runOnlyForDeploymentPostprocessing = 0;
		};
		A8F105C429DC00E500CFCE78 /* Frameworks */ = {
			isa = PBXFrameworksBuildPhase;
			buildActionMask = 2147483647;
			files = (
				A8F105C829DC00E500CFCE78 /* AsyncNetworking.framework in Frameworks */,
			);
			runOnlyForDeploymentPostprocessing = 0;
		};
/* End PBXFrameworksBuildPhase section */

/* Begin PBXGroup section */
		A8F105B329DC00E400CFCE78 = {
			isa = PBXGroup;
			children = (
				A8F105BF29DC00E500CFCE78 /* AsyncNetworking */,
				A8F105CB29DC00E500CFCE78 /* AsyncNetworkingTests */,
				A8F105BE29DC00E500CFCE78 /* Products */,
			);
			sourceTree = "<group>";
		};
		A8F105BE29DC00E500CFCE78 /* Products */ = {
			isa = PBXGroup;
			children = (
				A8F105BD29DC00E500CFCE78 /* AsyncNetworking.framework */,
				A8F105C729DC00E500CFCE78 /* AsyncNetworkingTests.xctest */,
			);
			name = Products;
			sourceTree = "<group>";
		};
		A8F105BF29DC00E500CFCE78 /* AsyncNetworking */ = {
			isa = PBXGroup;
			children = (
				A8F105C029DC00E500CFCE78 /* AsyncNetworking.h */,
				A8F105D929DC012700CFCE78 /* DataTransferService.swift */,
				A8F105DB29DC012700CFCE78 /* Endpoint.swift */,
				A8F105DA29DC012700CFCE78 /* NetworkConfig.swift */,
				A8F105DC29DC012700CFCE78 /* NetworkService.swift */,
				A8F105C129DC00E500CFCE78 /* AsyncNetworking.docc */,
			);
			path = AsyncNetworking;
			sourceTree = "<group>";
		};
		A8F105CB29DC00E500CFCE78 /* AsyncNetworkingTests */ = {
			isa = PBXGroup;
			children = (
				A8F105E129DC049800CFCE78 /* Mocks */,
				A8F105E929DC051E00CFCE78 /* DataTransferServiceTests.swift */,
				A8F105E829DC051E00CFCE78 /* NetworkServiceTests.swift */,
			);
			path = AsyncNetworkingTests;
			sourceTree = "<group>";
		};
		A8F105E129DC049800CFCE78 /* Mocks */ = {
			isa = PBXGroup;
			children = (
				A8F105E229DC04B400CFCE78 /* EndPointMock.swift */,
				A8F105E429DC04C300CFCE78 /* NetworkConfigurableMock.swift */,
				A8F105E629DC04CB00CFCE78 /* NetworkSessionManagerMock.swift */,
			);
			path = Mocks;
			sourceTree = "<group>";
		};
/* End PBXGroup section */

/* Begin PBXHeadersBuildPhase section */
		A8F105B829DC00E400CFCE78 /* Headers */ = {
			isa = PBXHeadersBuildPhase;
			buildActionMask = 2147483647;
			files = (
				A8F105CE29DC00E500CFCE78 /* AsyncNetworking.h in Headers */,
			);
			runOnlyForDeploymentPostprocessing = 0;
		};
/* End PBXHeadersBuildPhase section */

/* Begin PBXNativeTarget section */
		A8F105BC29DC00E400CFCE78 /* AsyncNetworking */ = {
			isa = PBXNativeTarget;
			buildConfigurationList = A8F105D129DC00E500CFCE78 /* Build configuration list for PBXNativeTarget "AsyncNetworking" */;
			buildPhases = (
				A8F105B829DC00E400CFCE78 /* Headers */,
				A8F105B929DC00E400CFCE78 /* Sources */,
				A8F105BA29DC00E400CFCE78 /* Frameworks */,
				A8F105BB29DC00E400CFCE78 /* Resources */,
			);
			buildRules = (
			);
			dependencies = (
			);
			name = AsyncNetworking;
			productName = AsyncNetworking;
			productReference = A8F105BD29DC00E500CFCE78 /* AsyncNetworking.framework */;
			productType = "com.apple.product-type.framework";
		};
		A8F105C629DC00E500CFCE78 /* AsyncNetworkingTests */ = {
			isa = PBXNativeTarget;
			buildConfigurationList = A8F105D429DC00E500CFCE78 /* Build configuration list for PBXNativeTarget "AsyncNetworkingTests" */;
			buildPhases = (
				A8F105C329DC00E500CFCE78 /* Sources */,
				A8F105C429DC00E500CFCE78 /* Frameworks */,
				A8F105C529DC00E500CFCE78 /* Resources */,
			);
			buildRules = (
			);
			dependencies = (
				A8F105CA29DC00E500CFCE78 /* PBXTargetDependency */,
			);
			name = AsyncNetworkingTests;
			productName = AsyncNetworkingTests;
			productReference = A8F105C729DC00E500CFCE78 /* AsyncNetworkingTests.xctest */;
			productType = "com.apple.product-type.bundle.unit-test";
		};
/* End PBXNativeTarget section */

/* Begin PBXProject section */
		A8F105B429DC00E400CFCE78 /* Project object */ = {
			isa = PBXProject;
			attributes = {
				BuildIndependentTargetsInParallel = 1;
				LastSwiftUpdateCheck = 1340;
				LastUpgradeCheck = 1340;
				TargetAttributes = {
					A8F105BC29DC00E400CFCE78 = {
						CreatedOnToolsVersion = 13.4.1;
					};
					A8F105C629DC00E500CFCE78 = {
						CreatedOnToolsVersion = 13.4.1;
					};
				};
			};
			buildConfigurationList = A8F105B729DC00E400CFCE78 /* Build configuration list for PBXProject "AsyncNetworking" */;
			compatibilityVersion = "Xcode 13.0";
			developmentRegion = en;
			hasScannedForEncodings = 0;
			knownRegions = (
				en,
				Base,
			);
			mainGroup = A8F105B329DC00E400CFCE78;
			productRefGroup = A8F105BE29DC00E500CFCE78 /* Products */;
			projectDirPath = "";
			projectRoot = "";
			targets = (
				A8F105BC29DC00E400CFCE78 /* AsyncNetworking */,
				A8F105C629DC00E500CFCE78 /* AsyncNetworkingTests */,
			);
		};
/* End PBXProject section */

/* Begin PBXResourcesBuildPhase section */
		A8F105BB29DC00E400CFCE78 /* Resources */ = {
			isa = PBXResourcesBuildPhase;
			buildActionMask = 2147483647;
			files = (
			);
			runOnlyForDeploymentPostprocessing = 0;
		};
		A8F105C529DC00E500CFCE78 /* Resources */ = {
			isa = PBXResourcesBuildPhase;
			buildActionMask = 2147483647;
			files = (
			);
			runOnlyForDeploymentPostprocessing = 0;
		};
/* End PBXResourcesBuildPhase section */

/* Begin PBXSourcesBuildPhase section */
		A8F105B929DC00E400CFCE78 /* Sources */ = {
			isa = PBXSourcesBuildPhase;
			buildActionMask = 2147483647;
			files = (
				A8F105DD29DC012700CFCE78 /* DataTransferService.swift in Sources */,
				A8F105DE29DC012700CFCE78 /* NetworkService.swift in Sources */,
				A8F105DF29DC012700CFCE78 /* NetworkConfig.swift in Sources */,
				A8F105C229DC00E500CFCE78 /* AsyncNetworking.docc in Sources */,
				A8F105E029DC012700CFCE78 /* Endpoint.swift in Sources */,
			);
			runOnlyForDeploymentPostprocessing = 0;
		};
		A8F105C329DC00E500CFCE78 /* Sources */ = {
			isa = PBXSourcesBuildPhase;
			buildActionMask = 2147483647;
			files = (
				A8F105EA29DC051E00CFCE78 /* NetworkServiceTests.swift in Sources */,
				A8F105E529DC04C300CFCE78 /* NetworkConfigurableMock.swift in Sources */,
				A8F105EB29DC051E00CFCE78 /* DataTransferServiceTests.swift in Sources */,
				A8F105E729DC04CB00CFCE78 /* NetworkSessionManagerMock.swift in Sources */,
				A8F105E329DC04B400CFCE78 /* EndPointMock.swift in Sources */,
			);
			runOnlyForDeploymentPostprocessing = 0;
		};
/* End PBXSourcesBuildPhase section */

/* Begin PBXTargetDependency section */
		A8F105CA29DC00E500CFCE78 /* PBXTargetDependency */ = {
			isa = PBXTargetDependency;
			target = A8F105BC29DC00E400CFCE78 /* AsyncNetworking */;
			targetProxy = A8F105C929DC00E500CFCE78 /* PBXContainerItemProxy */;
		};
/* End PBXTargetDependency section */

/* Begin XCBuildConfiguration section */
		A8F105CF29DC00E500CFCE78 /* Debug */ = {
			isa = XCBuildConfiguration;
			buildSettings = {
				ALWAYS_SEARCH_USER_PATHS = NO;
				CLANG_ANALYZER_NONNULL = YES;
				CLANG_ANALYZER_NUMBER_OBJECT_CONVERSION = YES_AGGRESSIVE;
				CLANG_CXX_LANGUAGE_STANDARD = "gnu++17";
				CLANG_ENABLE_MODULES = YES;
				CLANG_ENABLE_OBJC_ARC = YES;
				CLANG_ENABLE_OBJC_WEAK = YES;
				CLANG_WARN_BLOCK_CAPTURE_AUTORELEASING = YES;
				CLANG_WARN_BOOL_CONVERSION = YES;
				CLANG_WARN_COMMA = YES;
				CLANG_WARN_CONSTANT_CONVERSION = YES;
				CLANG_WARN_DEPRECATED_OBJC_IMPLEMENTATIONS = YES;
				CLANG_WARN_DIRECT_OBJC_ISA_USAGE = YES_ERROR;
				CLANG_WARN_DOCUMENTATION_COMMENTS = YES;
				CLANG_WARN_EMPTY_BODY = YES;
				CLANG_WARN_ENUM_CONVERSION = YES;
				CLANG_WARN_INFINITE_RECURSION = YES;
				CLANG_WARN_INT_CONVERSION = YES;
				CLANG_WARN_NON_LITERAL_NULL_CONVERSION = YES;
				CLANG_WARN_OBJC_IMPLICIT_RETAIN_SELF = YES;
				CLANG_WARN_OBJC_LITERAL_CONVERSION = YES;
				CLANG_WARN_OBJC_ROOT_CLASS = YES_ERROR;
				CLANG_WARN_QUOTED_INCLUDE_IN_FRAMEWORK_HEADER = YES;
				CLANG_WARN_RANGE_LOOP_ANALYSIS = YES;
				CLANG_WARN_STRICT_PROTOTYPES = YES;
				CLANG_WARN_SUSPICIOUS_MOVE = YES;
				CLANG_WARN_UNGUARDED_AVAILABILITY = YES_AGGRESSIVE;
				CLANG_WARN_UNREACHABLE_CODE = YES;
				CLANG_WARN__DUPLICATE_METHOD_MATCH = YES;
				COPY_PHASE_STRIP = NO;
				CURRENT_PROJECT_VERSION = 1;
				DEBUG_INFORMATION_FORMAT = dwarf;
				ENABLE_STRICT_OBJC_MSGSEND = YES;
				ENABLE_TESTABILITY = YES;
				GCC_C_LANGUAGE_STANDARD = gnu11;
				GCC_DYNAMIC_NO_PIC = NO;
				GCC_NO_COMMON_BLOCKS = YES;
				GCC_OPTIMIZATION_LEVEL = 0;
				GCC_PREPROCESSOR_DEFINITIONS = (
					"DEBUG=1",
					"$(inherited)",
				);
				GCC_WARN_64_TO_32_BIT_CONVERSION = YES;
				GCC_WARN_ABOUT_RETURN_TYPE = YES_ERROR;
				GCC_WARN_UNDECLARED_SELECTOR = YES;
				GCC_WARN_UNINITIALIZED_AUTOS = YES_AGGRESSIVE;
				GCC_WARN_UNUSED_FUNCTION = YES;
				GCC_WARN_UNUSED_VARIABLE = YES;
				IPHONEOS_DEPLOYMENT_TARGET = 15.5;
				MTL_ENABLE_DEBUG_INFO = INCLUDE_SOURCE;
				MTL_FAST_MATH = YES;
				ONLY_ACTIVE_ARCH = YES;
				SDKROOT = iphoneos;
				SWIFT_ACTIVE_COMPILATION_CONDITIONS = DEBUG;
				SWIFT_OPTIMIZATION_LEVEL = "-Onone";
				VERSIONING_SYSTEM = "apple-generic";
				VERSION_INFO_PREFIX = "";
			};
			name = Debug;
		};
		A8F105D029DC00E500CFCE78 /* Release */ = {
			isa = XCBuildConfiguration;
			buildSettings = {
				ALWAYS_SEARCH_USER_PATHS = NO;
				CLANG_ANALYZER_NONNULL = YES;
				CLANG_ANALYZER_NUMBER_OBJECT_CONVERSION = YES_AGGRESSIVE;
				CLANG_CXX_LANGUAGE_STANDARD = "gnu++17";
				CLANG_ENABLE_MODULES = YES;
				CLANG_ENABLE_OBJC_ARC = YES;
				CLANG_ENABLE_OBJC_WEAK = YES;
				CLANG_WARN_BLOCK_CAPTURE_AUTORELEASING = YES;
				CLANG_WARN_BOOL_CONVERSION = YES;
				CLANG_WARN_COMMA = YES;
				CLANG_WARN_CONSTANT_CONVERSION = YES;
				CLANG_WARN_DEPRECATED_OBJC_IMPLEMENTATIONS = YES;
				CLANG_WARN_DIRECT_OBJC_ISA_USAGE = YES_ERROR;
				CLANG_WARN_DOCUMENTATION_COMMENTS = YES;
				CLANG_WARN_EMPTY_BODY = YES;
				CLANG_WARN_ENUM_CONVERSION = YES;
				CLANG_WARN_INFINITE_RECURSION = YES;
				CLANG_WARN_INT_CONVERSION = YES;
				CLANG_WARN_NON_LITERAL_NULL_CONVERSION = YES;
				CLANG_WARN_OBJC_IMPLICIT_RETAIN_SELF = YES;
				CLANG_WARN_OBJC_LITERAL_CONVERSION = YES;
				CLANG_WARN_OBJC_ROOT_CLASS = YES_ERROR;
				CLANG_WARN_QUOTED_INCLUDE_IN_FRAMEWORK_HEADER = YES;
				CLANG_WARN_RANGE_LOOP_ANALYSIS = YES;
				CLANG_WARN_STRICT_PROTOTYPES = YES;
				CLANG_WARN_SUSPICIOUS_MOVE = YES;
				CLANG_WARN_UNGUARDED_AVAILABILITY = YES_AGGRESSIVE;
				CLANG_WARN_UNREACHABLE_CODE = YES;
				CLANG_WARN__DUPLICATE_METHOD_MATCH = YES;
				COPY_PHASE_STRIP = NO;
				CURRENT_PROJECT_VERSION = 1;
				DEBUG_INFORMATION_FORMAT = "dwarf-with-dsym";
				ENABLE_NS_ASSERTIONS = NO;
				ENABLE_STRICT_OBJC_MSGSEND = YES;
				GCC_C_LANGUAGE_STANDARD = gnu11;
				GCC_NO_COMMON_BLOCKS = YES;
				GCC_WARN_64_TO_32_BIT_CONVERSION = YES;
				GCC_WARN_ABOUT_RETURN_TYPE = YES_ERROR;
				GCC_WARN_UNDECLARED_SELECTOR = YES;
				GCC_WARN_UNINITIALIZED_AUTOS = YES_AGGRESSIVE;
				GCC_WARN_UNUSED_FUNCTION = YES;
				GCC_WARN_UNUSED_VARIABLE = YES;
				IPHONEOS_DEPLOYMENT_TARGET = 15.5;
				MTL_ENABLE_DEBUG_INFO = NO;
				MTL_FAST_MATH = YES;
				SDKROOT = iphoneos;
				SWIFT_COMPILATION_MODE = wholemodule;
				SWIFT_OPTIMIZATION_LEVEL = "-O";
				VALIDATE_PRODUCT = YES;
				VERSIONING_SYSTEM = "apple-generic";
				VERSION_INFO_PREFIX = "";
			};
			name = Release;
		};
		A8F105D229DC00E500CFCE78 /* Debug */ = {
			isa = XCBuildConfiguration;
			buildSettings = {
				CODE_SIGN_STYLE = Automatic;
				CURRENT_PROJECT_VERSION = 1;
				DEFINES_MODULE = YES;
				DYLIB_COMPATIBILITY_VERSION = 1;
				DYLIB_CURRENT_VERSION = 1;
				DYLIB_INSTALL_NAME_BASE = "@rpath";
				GENERATE_INFOPLIST_FILE = YES;
				INFOPLIST_KEY_NSHumanReadableCopyright = "";
				INSTALL_PATH = "$(LOCAL_LIBRARY_DIR)/Frameworks";
				LD_RUNPATH_SEARCH_PATHS = (
					"$(inherited)",
					"@executable_path/Frameworks",
					"@loader_path/Frameworks",
				);
				MARKETING_VERSION = 1.0;
				PRODUCT_BUNDLE_IDENTIFIER = com.bhoopendra.AsyncNetworking;
				PRODUCT_NAME = "$(TARGET_NAME:c99extidentifier)";
				SKIP_INSTALL = YES;
				SWIFT_EMIT_LOC_STRINGS = YES;
				SWIFT_VERSION = 5.0;
				TARGETED_DEVICE_FAMILY = "1,2";
			};
			name = Debug;
		};
		A8F105D329DC00E500CFCE78 /* Release */ = {
			isa = XCBuildConfiguration;
			buildSettings = {
				CODE_SIGN_STYLE = Automatic;
				CURRENT_PROJECT_VERSION = 1;
				DEFINES_MODULE = YES;
				DYLIB_COMPATIBILITY_VERSION = 1;
				DYLIB_CURRENT_VERSION = 1;
				DYLIB_INSTALL_NAME_BASE = "@rpath";
				GENERATE_INFOPLIST_FILE = YES;
				INFOPLIST_KEY_NSHumanReadableCopyright = "";
				INSTALL_PATH = "$(LOCAL_LIBRARY_DIR)/Frameworks";
				LD_RUNPATH_SEARCH_PATHS = (
					"$(inherited)",
					"@executable_path/Frameworks",
					"@loader_path/Frameworks",
				);
				MARKETING_VERSION = 1.0;
				PRODUCT_BUNDLE_IDENTIFIER = com.bhoopendra.AsyncNetworking;
				PRODUCT_NAME = "$(TARGET_NAME:c99extidentifier)";
				SKIP_INSTALL = YES;
				SWIFT_EMIT_LOC_STRINGS = YES;
				SWIFT_VERSION = 5.0;
				TARGETED_DEVICE_FAMILY = "1,2";
			};
			name = Release;
		};
		A8F105D529DC00E500CFCE78 /* Debug */ = {
			isa = XCBuildConfiguration;
			buildSettings = {
				ALWAYS_EMBED_SWIFT_STANDARD_LIBRARIES = YES;
				CODE_SIGN_STYLE = Automatic;
				CURRENT_PROJECT_VERSION = 1;
				GENERATE_INFOPLIST_FILE = YES;
				MARKETING_VERSION = 1.0;
				PRODUCT_BUNDLE_IDENTIFIER = com.bhoopendra.AsyncNetworkingTests;
				PRODUCT_NAME = "$(TARGET_NAME)";
				SWIFT_EMIT_LOC_STRINGS = NO;
				SWIFT_VERSION = 5.0;
				TARGETED_DEVICE_FAMILY = "1,2";
			};
			name = Debug;
		};
		A8F105D629DC00E500CFCE78 /* Release */ = {
			isa = XCBuildConfiguration;
			buildSettings = {
				ALWAYS_EMBED_SWIFT_STANDARD_LIBRARIES = YES;
				CODE_SIGN_STYLE = Automatic;
				CURRENT_PROJECT_VERSION = 1;
				GENERATE_INFOPLIST_FILE = YES;
				MARKETING_VERSION = 1.0;
				PRODUCT_BUNDLE_IDENTIFIER = com.bhoopendra.AsyncNetworkingTests;
				PRODUCT_NAME = "$(TARGET_NAME)";
				SWIFT_EMIT_LOC_STRINGS = NO;
				SWIFT_VERSION = 5.0;
				TARGETED_DEVICE_FAMILY = "1,2";
			};
			name = Release;
		};
/* End XCBuildConfiguration section */

/* Begin XCConfigurationList section */
		A8F105B729DC00E400CFCE78 /* Build configuration list for PBXProject "AsyncNetworking" */ = {
			isa = XCConfigurationList;
			buildConfigurations = (
				A8F105CF29DC00E500CFCE78 /* Debug */,
				A8F105D029DC00E500CFCE78 /* Release */,
			);
			defaultConfigurationIsVisible = 0;
			defaultConfigurationName = Release;
		};
		A8F105D129DC00E500CFCE78 /* Build configuration list for PBXNativeTarget "AsyncNetworking" */ = {
			isa = XCConfigurationList;
			buildConfigurations = (
				A8F105D229DC00E500CFCE78 /* Debug */,
				A8F105D329DC00E500CFCE78 /* Release */,
			);
			defaultConfigurationIsVisible = 0;
			defaultConfigurationName = Release;
		};
		A8F105D429DC00E500CFCE78 /* Build configuration list for PBXNativeTarget "AsyncNetworkingTests" */ = {
			isa = XCConfigurationList;
			buildConfigurations = (
				A8F105D529DC00E500CFCE78 /* Debug */,
				A8F105D629DC00E500CFCE78 /* Release */,
			);
			defaultConfigurationIsVisible = 0;
			defaultConfigurationName = Release;
		};
/* End XCConfigurationList section */
	};
	rootObject = A8F105B429DC00E400CFCE78 /* Project object */;
}
